
Microsoft Visual Studio Solution File, Format Version 12.00
# Visual Studio Version 17
VisualStudioVersion = 17.9.34728.123
MinimumVisualStudioVersion = 10.0.40219.1
Project("{9A19103F-16F7-4668-BE54-9A1E7A4F7556}") = "doantest", "doantest\doantest.csproj", "{A81F2549-3E45-4298-8B10-1A2489A4D1DC}"
EndProject
Project("{2150E333-8FDC-42A3-9474-1A3956D46DE8}") = "Solution Items", "Solution Items", "{DA934882-D3EF-4C65-880E-2E99B74989A3}"
	ProjectSection(SolutionItems) = preProject
		.editorconfig = .editorconfig
	EndProjectSection
EndProject
Global
	GlobalSection(SolutionConfigurationPlatforms) = preSolution
		Debug|Any CPU = Debug|Any CPU
		Release|Any CPU = Release|Any CPU
	EndGlobalSection
	GlobalSection(ProjectConfigurationPlatforms) = postSolution
		{A81F2549-3E45-4298-8B10-1A2489A4D1DC}.Debug|Any CPU.ActiveCfg = Debug|Any CPU
		{A81F2549-3E45-4298-8B10-1A2489A4D1DC}.Debug|Any CPU.Build.0 = Debug|Any CPU
		{A81F2549-3E45-4298-8B10-1A2489A4D1DC}.Release|Any CPU.ActiveCfg = Release|Any CPU
		{A81F2549-3E45-4298-8B10-1A2489A4D1DC}.Release|Any CPU.Build.0 = Release|Any CPU
	EndGlobalSection
	GlobalSection(SolutionProperties) = preSolution
		HideSolutionNode = FALSE
	EndGlobalSection
	GlobalSection(ExtensibilityGlobals) = postSolution
		SolutionGuid = {F4162745-7CFA-4988-B627-E4E97B2A8411}
	EndGlobalSection
EndGlobal
